
Microsoft Visual Studio Solution File, Format Version 12.00
# Visual Studio Version 16
VisualStudioVersion = 16.0.29409.12
MinimumVisualStudioVersion = 10.0.40219.1
Project("{FAE04EC0-301F-11D3-BF4B-00C04F79EFBC}") = "CPUVErsionTest1.0", "CPUVErsionTest1.0\CPUVErsionTest1.0.csproj", "{FDCAE3C0-59C4-40D1-B894-9EFA2326F1CC}"
EndProject
Global
	GlobalSection(SolutionConfigurationPlatforms) = preSolution
		Debug|Any CPU = Debug|Any CPU
		Release|Any CPU = Release|Any CPU
	EndGlobalSection
	GlobalSection(ProjectConfigurationPlatforms) = postSolution
		{FDCAE3C0-59C4-40D1-B894-9EFA2326F1CC}.Debug|Any CPU.ActiveCfg = Debug|Any CPU
		{FDCAE3C0-59C4-40D1-B894-9EFA2326F1CC}.Debug|Any CPU.Build.0 = Debug|Any CPU
		{FDCAE3C0-59C4-40D1-B894-9EFA2326F1CC}.Release|Any CPU.ActiveCfg = Release|Any CPU
		{FDCAE3C0-59C4-40D1-B894-9EFA2326F1CC}.Release|Any CPU.Build.0 = Release|Any CPU
	EndGlobalSection
	GlobalSection(SolutionProperties) = preSolution
		HideSolutionNode = FALSE
	EndGlobalSection
	GlobalSection(ExtensibilityGlobals) = postSolution
		SolutionGuid = {179194AE-DEB7-45E6-9437-F9B1E5A61376}
	EndGlobalSection
EndGlobal
